
Microsoft Visual Studio Solution File, Format Version 12.00
# Visual Studio Version 16
VisualStudioVersion = 16.0.33214.272
MinimumVisualStudioVersion = 10.0.40219.1
Project("{FAE04EC0-301F-11D3-BF4B-00C04F79EFBC}") = "POO-1", "POO-1\POO-1.csproj", "{90620F21-CB80-40F2-BE31-476BFF15B00E}"
EndProject
Global
	GlobalSection(SolutionConfigurationPlatforms) = preSolution
		Debug|Any CPU = Debug|Any CPU
		Release|Any CPU = Release|Any CPU
	EndGlobalSection
	GlobalSection(ProjectConfigurationPlatforms) = postSolution
		{90620F21-CB80-40F2-BE31-476BFF15B00E}.Debug|Any CPU.ActiveCfg = Debug|Any CPU
		{90620F21-CB80-40F2-BE31-476BFF15B00E}.Debug|Any CPU.Build.0 = Debug|Any CPU
		{90620F21-CB80-40F2-BE31-476BFF15B00E}.Release|Any CPU.ActiveCfg = Release|Any CPU
		{90620F21-CB80-40F2-BE31-476BFF15B00E}.Release|Any CPU.Build.0 = Release|Any CPU
	EndGlobalSection
	GlobalSection(SolutionProperties) = preSolution
		HideSolutionNode = FALSE
	EndGlobalSection
	GlobalSection(ExtensibilityGlobals) = postSolution
		SolutionGuid = {F98BF793-95A1-45CA-A426-FE4A119C51EF}
	EndGlobalSection
EndGlobal
